
Microsoft Visual Studio Solution File, Format Version 12.00
# Visual Studio 14
VisualStudioVersion = 14.0.25420.1
MinimumVisualStudioVersion = 10.0.40219.1
Project("{FAE04EC0-301F-11D3-BF4B-00C04F79EFBC}") = "TarkOrm", "TarkOrm\TarkOrm.csproj", "{11ED5080-8220-460C-9F6A-B6F3CD9E28B2}"
EndProject
Project("{2150E333-8FDC-42A3-9474-1A3956D46DE8}") = "Solution Items", "Solution Items", "{C6DDF51F-4322-46D7-9405-44A18DEB0632}"
EndProject
Project("{FAE04EC0-301F-11D3-BF4B-00C04F79EFBC}") = "TarkOrm.Tests", "TarkOrm.Tests\TarkOrm.Tests.csproj", "{C7E8FB00-7506-4A53-9852-C3FFEABCD484}"
EndProject
Project("{2150E333-8FDC-42A3-9474-1A3956D46DE8}") = "Tests", "Tests", "{E4A3D50E-4870-4B09-9277-DCEAF2F7F403}"
EndProject
Global
	GlobalSection(SolutionConfigurationPlatforms) = preSolution
		Debug|Any CPU = Debug|Any CPU
		Release|Any CPU = Release|Any CPU
	EndGlobalSection
	GlobalSection(ProjectConfigurationPlatforms) = postSolution
		{11ED5080-8220-460C-9F6A-B6F3CD9E28B2}.Debug|Any CPU.ActiveCfg = Debug|Any CPU
		{11ED5080-8220-460C-9F6A-B6F3CD9E28B2}.Debug|Any CPU.Build.0 = Debug|Any CPU
		{11ED5080-8220-460C-9F6A-B6F3CD9E28B2}.Release|Any CPU.ActiveCfg = Release|Any CPU
		{11ED5080-8220-460C-9F6A-B6F3CD9E28B2}.Release|Any CPU.Build.0 = Release|Any CPU
		{C7E8FB00-7506-4A53-9852-C3FFEABCD484}.Debug|Any CPU.ActiveCfg = Debug|Any CPU
		{C7E8FB00-7506-4A53-9852-C3FFEABCD484}.Debug|Any CPU.Build.0 = Debug|Any CPU
		{C7E8FB00-7506-4A53-9852-C3FFEABCD484}.Release|Any CPU.ActiveCfg = Release|Any CPU
		{C7E8FB00-7506-4A53-9852-C3FFEABCD484}.Release|Any CPU.Build.0 = Release|Any CPU
	EndGlobalSection
	GlobalSection(SolutionProperties) = preSolution
		HideSolutionNode = FALSE
	EndGlobalSection
	GlobalSection(NestedProjects) = preSolution
		{C7E8FB00-7506-4A53-9852-C3FFEABCD484} = {E4A3D50E-4870-4B09-9277-DCEAF2F7F403}
	EndGlobalSection
EndGlobal
